// !$*UTF8*$!
{
	archiveVersion = 1;
	classes = {
	};
	objectVersion = 50;
	objects = {

/* Begin PBXBuildFile section */
		6A596A7C216980F100F2B072 /* AppDelegate.swift in Sources */ = {isa = PBXBuildFile; fileRef = 6A596A7B216980F100F2B072 /* AppDelegate.swift */; };
		6A596A7E216980F100F2B072 /* ViewController.swift in Sources */ = {isa = PBXBuildFile; fileRef = 6A596A7D216980F100F2B072 /* ViewController.swift */; };
		6A596A81216980F100F2B072 /* Main.storyboard in Resources */ = {isa = PBXBuildFile; fileRef = 6A596A7F216980F100F2B072 /* Main.storyboard */; };
		6A596A84216980F100F2B072 /* iOS_Learning.xcdatamodeld in Sources */ = {isa = PBXBuildFile; fileRef = 6A596A82216980F100F2B072 /* iOS_Learning.xcdatamodeld */; };
		6A596A86216980F200F2B072 /* Assets.xcassets in Resources */ = {isa = PBXBuildFile; fileRef = 6A596A85216980F200F2B072 /* Assets.xcassets */; };
		6A596A89216980F200F2B072 /* LaunchScreen.storyboard in Resources */ = {isa = PBXBuildFile; fileRef = 6A596A87216980F200F2B072 /* LaunchScreen.storyboard */; };
		6A596A92216986DD00F2B072 /* BorderButton.swift in Sources */ = {isa = PBXBuildFile; fileRef = 6A596A91216986DD00F2B072 /* BorderButton.swift */; };
/* End PBXBuildFile section */

/* Begin PBXFileReference section */
		6A596A78216980F100F2B072 /* iOS-Learning.app */ = {isa = PBXFileReference; explicitFileType = wrapper.application; includeInIndex = 0; path = "iOS-Learning.app"; sourceTree = BUILT_PRODUCTS_DIR; };
		6A596A7B216980F100F2B072 /* AppDelegate.swift */ = {isa = PBXFileReference; lastKnownFileType = sourcecode.swift; path = AppDelegate.swift; sourceTree = "<group>"; };
		6A596A7D216980F100F2B072 /* ViewController.swift */ = {isa = PBXFileReference; lastKnownFileType = sourcecode.swift; path = ViewController.swift; sourceTree = "<group>"; };
		6A596A80216980F100F2B072 /* Base */ = {isa = PBXFileReference; lastKnownFileType = file.storyboard; name = Base; path = Base.lproj/Main.storyboard; sourceTree = "<group>"; };
		6A596A83216980F100F2B072 /* iOS_Learning.xcdatamodel */ = {isa = PBXFileReference; lastKnownFileType = wrapper.xcdatamodel; path = iOS_Learning.xcdatamodel; sourceTree = "<group>"; };
		6A596A85216980F200F2B072 /* Assets.xcassets */ = {isa = PBXFileReference; lastKnownFileType = folder.assetcatalog; path = Assets.xcassets; sourceTree = "<group>"; };
		6A596A88216980F200F2B072 /* Base */ = {isa = PBXFileReference; lastKnownFileType = file.storyboard; name = Base; path = Base.lproj/LaunchScreen.storyboard; sourceTree = "<group>"; };
		6A596A8A216980F200F2B072 /* Info.plist */ = {isa = PBXFileReference; lastKnownFileType = text.plist.xml; path = Info.plist; sourceTree = "<group>"; };
		6A596A91216986DD00F2B072 /* BorderButton.swift */ = {isa = PBXFileReference; lastKnownFileType = sourcecode.swift; path = BorderButton.swift; sourceTree = "<group>"; };
/* End PBXFileReference section */

/* Begin PBXFrameworksBuildPhase section */
		6A596A75216980F100F2B072 /* Frameworks */ = {
			isa = PBXFrameworksBuildPhase;
			buildActionMask = 2147483647;
			files = (
			);
			runOnlyForDeploymentPostprocessing = 0;
		};
/* End PBXFrameworksBuildPhase section */

/* Begin PBXGroup section */
		6A596A6F216980F100F2B072 = {
			isa = PBXGroup;
			children = (
				6A596A7A216980F100F2B072 /* iOS-Learning */,
				6A596A79216980F100F2B072 /* Products */,
			);
			sourceTree = "<group>";
		};
		6A596A79216980F100F2B072 /* Products */ = {
			isa = PBXGroup;
			children = (
				6A596A78216980F100F2B072 /* iOS-Learning.app */,
			);
			name = Products;
			sourceTree = "<group>";
		};
		6A596A7A216980F100F2B072 /* iOS-Learning */ = {
			isa = PBXGroup;
			children = (
				6A596A902169868600F2B072 /* Views */,
				6A596A7B216980F100F2B072 /* AppDelegate.swift */,
				6A596A7D216980F100F2B072 /* ViewController.swift */,
				6A596A7F216980F100F2B072 /* Main.storyboard */,
				6A596A85216980F200F2B072 /* Assets.xcassets */,
				6A596A87216980F200F2B072 /* LaunchScreen.storyboard */,
				6A596A8A216980F200F2B072 /* Info.plist */,
				6A596A82216980F100F2B072 /* iOS_Learning.xcdatamodeld */,
			);
			path = "iOS-Learning";
			sourceTree = "<group>";
		};
		6A596A902169868600F2B072 /* Views */ = {
			isa = PBXGroup;
			children = (
				6A596A91216986DD00F2B072 /* BorderButton.swift */,
			);
			path = Views;
			sourceTree = "<group>";
		};
/* End PBXGroup section */

/* Begin PBXNativeTarget section */
		6A596A77216980F100F2B072 /* iOS-Learning */ = {
			isa = PBXNativeTarget;
			buildConfigurationList = 6A596A8D216980F200F2B072 /* Build configuration list for PBXNativeTarget "iOS-Learning" */;
			buildPhases = (
				6A596A74216980F100F2B072 /* Sources */,
				6A596A75216980F100F2B072 /* Frameworks */,
				6A596A76216980F100F2B072 /* Resources */,
			);
			buildRules = (
			);
			dependencies = (
			);
			name = "iOS-Learning";
			productName = "iOS-Learning";
			productReference = 6A596A78216980F100F2B072 /* iOS-Learning.app */;
			productType = "com.apple.product-type.application";
		};
/* End PBXNativeTarget section */

/* Begin PBXProject section */
		6A596A70216980F100F2B072 /* Project object */ = {
			isa = PBXProject;
			attributes = {
				LastSwiftUpdateCheck = 1000;
				LastUpgradeCheck = 1000;
				ORGANIZATIONNAME = "Todd Berliner";
				TargetAttributes = {
					6A596A77216980F100F2B072 = {
						CreatedOnToolsVersion = 10.0;
					};
				};
			};
			buildConfigurationList = 6A596A73216980F100F2B072 /* Build configuration list for PBXProject "iOS-Learning" */;
			compatibilityVersion = "Xcode 9.3";
			developmentRegion = en;
			hasScannedForEncodings = 0;
			knownRegions = (
				en,
				Base,
			);
			mainGroup = 6A596A6F216980F100F2B072;
			productRefGroup = 6A596A79216980F100F2B072 /* Products */;
			projectDirPath = "";
			projectRoot = "";
			targets = (
				6A596A77216980F100F2B072 /* iOS-Learning */,
			);
		};
/* End PBXProject section */

/* Begin PBXResourcesBuildPhase section */
		6A596A76216980F100F2B072 /* Resources */ = {
			isa = PBXResourcesBuildPhase;
			buildActionMask = 2147483647;
			files = (
				6A596A89216980F200F2B072 /* LaunchScreen.storyboard in Resources */,
				6A596A86216980F200F2B072 /* Assets.xcassets in Resources */,
				6A596A81216980F100F2B072 /* Main.storyboard in Resources */,
			);
			runOnlyForDeploymentPostprocessing = 0;
		};
/* End PBXResourcesBuildPhase section */

/* Begin PBXSourcesBuildPhase section */
		6A596A74216980F100F2B072 /* Sources */ = {
			isa = PBXSourcesBuildPhase;
			buildActionMask = 2147483647;
			files = (
				6A596A7E216980F100F2B072 /* ViewController.swift in Sources */,
				6A596A7C216980F100F2B072 /* AppDelegate.swift in Sources */,
				6A596A84216980F100F2B072 /* iOS_Learning.xcdatamodeld in Sources */,
				6A596A92216986DD00F2B072 /* BorderButton.swift in Sources */,
			);
			runOnlyForDeploymentPostprocessing = 0;
		};
/* End PBXSourcesBuildPhase section */

/* Begin PBXVariantGroup section */
		6A596A7F216980F100F2B072 /* Main.storyboard */ = {
			isa = PBXVariantGroup;
			children = (
				6A596A80216980F100F2B072 /* Base */,
			);
			name = Main.storyboard;
			sourceTree = "<group>";
		};
		6A596A87216980F200F2B072 /* LaunchScreen.storyboard */ = {
			isa = PBXVariantGroup;
			children = (
				6A596A88216980F200F2B072 /* Base */,
			);
			name = LaunchScreen.storyboard;
			sourceTree = "<group>";
		};
/* End PBXVariantGroup section */

/* Begin XCBuildConfiguration section */
		6A596A8B216980F200F2B072 /* Debug */ = {
			isa = XCBuildConfiguration;
			buildSettings = {
				ALWAYS_SEARCH_USER_PATHS = NO;
				CLANG_ANALYZER_NONNULL = YES;
				CLANG_ANALYZER_NUMBER_OBJECT_CONVERSION = YES_AGGRESSIVE;
				CLANG_CXX_LANGUAGE_STANDARD = "gnu++14";
				CLANG_CXX_LIBRARY = "libc++";
				CLANG_ENABLE_MODULES = YES;
				CLANG_ENABLE_OBJC_ARC = YES;
				CLANG_ENABLE_OBJC_WEAK = YES;
				CLANG_WARN_BLOCK_CAPTURE_AUTORELEASING = YES;
				CLANG_WARN_BOOL_CONVERSION = YES;
				CLANG_WARN_COMMA = YES;
				CLANG_WARN_CONSTANT_CONVERSION = YES;
				CLANG_WARN_DEPRECATED_OBJC_IMPLEMENTATIONS = YES;
				CLANG_WARN_DIRECT_OBJC_ISA_USAGE = YES_ERROR;
				CLANG_WARN_DOCUMENTATION_COMMENTS = YES;
				CLANG_WARN_EMPTY_BODY = YES;
				CLANG_WARN_ENUM_CONVERSION = YES;
				CLANG_WARN_INFINITE_RECURSION = YES;
				CLANG_WARN_INT_CONVERSION = YES;
				CLANG_WARN_NON_LITERAL_NULL_CONVERSION = YES;
				CLANG_WARN_OBJC_IMPLICIT_RETAIN_SELF = YES;
				CLANG_WARN_OBJC_LITERAL_CONVERSION = YES;
				CLANG_WARN_OBJC_ROOT_CLASS = YES_ERROR;
				CLANG_WARN_RANGE_LOOP_ANALYSIS = YES;
				CLANG_WARN_STRICT_PROTOTYPES = YES;
				CLANG_WARN_SUSPICIOUS_MOVE = YES;
				CLANG_WARN_UNGUARDED_AVAILABILITY = YES_AGGRESSIVE;
				CLANG_WARN_UNREACHABLE_CODE = YES;
				CLANG_WARN__DUPLICATE_METHOD_MATCH = YES;
				CODE_SIGN_IDENTITY = "iPhone Developer";
				COPY_PHASE_STRIP = NO;
				DEBUG_INFORMATION_FORMAT = dwarf;
				ENABLE_STRICT_OBJC_MSGSEND = YES;
				ENABLE_TESTABILITY = YES;
				GCC_C_LANGUAGE_STANDARD = gnu11;
				GCC_DYNAMIC_NO_PIC = NO;
				GCC_NO_COMMON_BLOCKS = YES;
				GCC_OPTIMIZATION_LEVEL = 0;
				GCC_PREPROCESSOR_DEFINITIONS = (
					"DEBUG=1",
					"$(inherited)",
				);
				GCC_WARN_64_TO_32_BIT_CONVERSION = YES;
				GCC_WARN_ABOUT_RETURN_TYPE = YES_ERROR;
				GCC_WARN_UNDECLARED_SELECTOR = YES;
				GCC_WARN_UNINITIALIZED_AUTOS = YES_AGGRESSIVE;
				GCC_WARN_UNUSED_FUNCTION = YES;
				GCC_WARN_UNUSED_VARIABLE = YES;
				IPHONEOS_DEPLOYMENT_TARGET = 12.0;
				MTL_ENABLE_DEBUG_INFO = INCLUDE_SOURCE;
				MTL_FAST_MATH = YES;
				ONLY_ACTIVE_ARCH = YES;
				SDKROOT = iphoneos;
				SWIFT_ACTIVE_COMPILATION_CONDITIONS = DEBUG;
				SWIFT_OPTIMIZATION_LEVEL = "-Onone";
			};
			name = Debug;
		};
		6A596A8C216980F200F2B072 /* Release */ = {
			isa = XCBuildConfiguration;
			buildSettings = {
				ALWAYS_SEARCH_USER_PATHS = NO;
				CLANG_ANALYZER_NONNULL = YES;
				CLANG_ANALYZER_NUMBER_OBJECT_CONVERSION = YES_AGGRESSIVE;
				CLANG_CXX_LANGUAGE_STANDARD = "gnu++14";
				CLANG_CXX_LIBRARY = "libc++";
				CLANG_ENABLE_MODULES = YES;
				CLANG_ENABLE_OBJC_ARC = YES;
				CLANG_ENABLE_OBJC_WEAK = YES;
				CLANG_WARN_BLOCK_CAPTURE_AUTORELEASING = YES;
				CLANG_WARN_BOOL_CONVERSION = YES;
				CLANG_WARN_COMMA = YES;
				CLANG_WARN_CONSTANT_CONVERSION = YES;
				CLANG_WARN_DEPRECATED_OBJC_IMPLEMENTATIONS = YES;
				CLANG_WARN_DIRECT_OBJC_ISA_USAGE = YES_ERROR;
				CLANG_WARN_DOCUMENTATION_COMMENTS = YES;
				CLANG_WARN_EMPTY_BODY = YES;
				CLANG_WARN_ENUM_CONVERSION = YES;
				CLANG_WARN_INFINITE_RECURSION = YES;
				CLANG_WARN_INT_CONVERSION = YES;
				CLANG_WARN_NON_LITERAL_NULL_CONVERSION = YES;
				CLANG_WARN_OBJC_IMPLICIT_RETAIN_SELF = YES;
				CLANG_WARN_OBJC_LITERAL_CONVERSION = YES;
				CLANG_WARN_OBJC_ROOT_CLASS = YES_ERROR;
				CLANG_WARN_RANGE_LOOP_ANALYSIS = YES;
				CLANG_WARN_STRICT_PROTOTYPES = YES;
				CLANG_WARN_SUSPICIOUS_MOVE = YES;
				CLANG_WARN_UNGUARDED_AVAILABILITY = YES_AGGRESSIVE;
				CLANG_WARN_UNREACHABLE_CODE = YES;
				CLANG_WARN__DUPLICATE_METHOD_MATCH = YES;
				CODE_SIGN_IDENTITY = "iPhone Developer";
				COPY_PHASE_STRIP = NO;
				DEBUG_INFORMATION_FORMAT = "dwarf-with-dsym";
				ENABLE_NS_ASSERTIONS = NO;
				ENABLE_STRICT_OBJC_MSGSEND = YES;
				GCC_C_LANGUAGE_STANDARD = gnu11;
				GCC_NO_COMMON_BLOCKS = YES;
				GCC_WARN_64_TO_32_BIT_CONVERSION = YES;
				GCC_WARN_ABOUT_RETURN_TYPE = YES_ERROR;
				GCC_WARN_UNDECLARED_SELECTOR = YES;
				GCC_WARN_UNINITIALIZED_AUTOS = YES_AGGRESSIVE;
				GCC_WARN_UNUSED_FUNCTION = YES;
				GCC_WARN_UNUSED_VARIABLE = YES;
				IPHONEOS_DEPLOYMENT_TARGET = 12.0;
				MTL_ENABLE_DEBUG_INFO = NO;
				MTL_FAST_MATH = YES;
				SDKROOT = iphoneos;
				SWIFT_COMPILATION_MODE = wholemodule;
				SWIFT_OPTIMIZATION_LEVEL = "-O";
				VALIDATE_PRODUCT = YES;
			};
			name = Release;
		};
		6A596A8E216980F200F2B072 /* Debug */ = {
			isa = XCBuildConfiguration;
			buildSettings = {
				ASSETCATALOG_COMPILER_APPICON_NAME = AppIcon;
				CODE_SIGN_STYLE = Automatic;
				DEVELOPMENT_TEAM = 6P6LRAN9E5;
				INFOPLIST_FILE = "iOS-Learning/Info.plist";
				LD_RUNPATH_SEARCH_PATHS = (
					"$(inherited)",
					"@executable_path/Frameworks",
				);
				PRODUCT_BUNDLE_IDENTIFIER = "toddberliner.iOS-Learning";
				PRODUCT_NAME = "$(TARGET_NAME)";
				SWIFT_VERSION = 4.2;
				TARGETED_DEVICE_FAMILY = "1,2";
			};
			name = Debug;
		};
		6A596A8F216980F200F2B072 /* Release */ = {
			isa = XCBuildConfiguration;
			buildSettings = {
				ASSETCATALOG_COMPILER_APPICON_NAME = AppIcon;
				CODE_SIGN_STYLE = Automatic;
				DEVELOPMENT_TEAM = 6P6LRAN9E5;
				INFOPLIST_FILE = "iOS-Learning/Info.plist";
				LD_RUNPATH_SEARCH_PATHS = (
					"$(inherited)",
					"@executable_path/Frameworks",
				);
				PRODUCT_BUNDLE_IDENTIFIER = "toddberliner.iOS-Learning";
				PRODUCT_NAME = "$(TARGET_NAME)";
				SWIFT_VERSION = 4.2;
				TARGETED_DEVICE_FAMILY = "1,2";
			};
			name = Release;
		};
/* End XCBuildConfiguration section */

/* Begin XCConfigurationList section */
		6A596A73216980F100F2B072 /* Build configuration list for PBXProject "iOS-Learning" */ = {
			isa = XCConfigurationList;
			buildConfigurations = (
				6A596A8B216980F200F2B072 /* Debug */,
				6A596A8C216980F200F2B072 /* Release */,
			);
			defaultConfigurationIsVisible = 0;
			defaultConfigurationName = Release;
		};
		6A596A8D216980F200F2B072 /* Build configuration list for PBXNativeTarget "iOS-Learning" */ = {
			isa = XCConfigurationList;
			buildConfigurations = (
				6A596A8E216980F200F2B072 /* Debug */,
				6A596A8F216980F200F2B072 /* Release */,
			);
			defaultConfigurationIsVisible = 0;
			defaultConfigurationName = Release;
		};
/* End XCConfigurationList section */

/* Begin XCVersionGroup section */
		6A596A82216980F100F2B072 /* iOS_Learning.xcdatamodeld */ = {
			isa = XCVersionGroup;
			children = (
				6A596A83216980F100F2B072 /* iOS_Learning.xcdatamodel */,
			);
			currentVersion = 6A596A83216980F100F2B072 /* iOS_Learning.xcdatamodel */;
			path = iOS_Learning.xcdatamodeld;
			sourceTree = "<group>";
			versionGroupType = wrapper.xcdatamodel;
		};
/* End XCVersionGroup section */
	};
	rootObject = 6A596A70216980F100F2B072 /* Project object */;
}
